{
  "requires": true,
  "lockfileVersion": 1,
  "dependencies": {
    "commander": {
      "version": "2.20.3",
      "resolved": "https://registry.npmjs.org/commander/-/commander-2.20.3.tgz",
      "integrity": "sha512-GpVkmM8vF2vQUkj2LvZmD35JxeJOLCwJ9cUkugyk2nuhbv3+mJvpLYYt+0+USMxE+oj+ey/lJEnhZw75x/OMcQ=="
    },
    "deeks": {
      "version": "2.2.1",
      "resolved": "https://registry.npmjs.org/deeks/-/deeks-2.2.1.tgz",
      "integrity": "sha512-D2Qu3Fv5zBtBzXjXIUgWPRYn30d/IG6SCPOKIz42+LVTwhPeRI5+DAxdzap0vI2zYheiErIpVLwaUQBoA/iENw==",
      "requires": {
        "underscore": "1.9.1"
      }
    },
    "doc-path": {
      "version": "2.0.1",
      "resolved": "https://registry.npmjs.org/doc-path/-/doc-path-2.0.1.tgz",
      "integrity": "sha512-/CCG157H//3l513omROUzaREChY/OYpxqYXvQcv7gsrwGfjVOh5d/1gJigHJ6iTnO77pA8rMLZ63CgEPEM6+9Q=="
    },
    "json-2-csv": {
      "version": "3.5.9",
      "resolved": "https://registry.npmjs.org/json-2-csv/-/json-2-csv-3.5.9.tgz",
      "integrity": "sha512-zKIZBPeWyuNFladZ4wUmXHPkVSozPkn7MZRFJF2ETI+3/5HnOx9SenRkBEPr8sIE8Kiy+kn+e+x+m3yT0FoiYA==",
      "requires": {
        "deeks": "2.2.1",
        "doc-path": "2.0.1",
        "underscore": "1.9.1"
      }
    },
    "json2csv": {
      "version": "4.5.4",
      "resolved": "https://registry.npmjs.org/json2csv/-/json2csv-4.5.4.tgz",
      "integrity": "sha512-YxBhY4Lmn8IvVZ36nqg5omxneLy9JlorkqW1j/EDCeqvmi+CQ4uM+wsvXlcIqvGDewIPXMC/O/oF8DX9EH5aoA==",
      "requires": {
        "commander": "^2.15.1",
        "jsonparse": "^1.3.1",
        "lodash.get": "^4.4.2"
      }
    },
    "jsonparse": {
      "version": "1.3.1",
      "resolved": "https://registry.npmjs.org/jsonparse/-/jsonparse-1.3.1.tgz",
      "integrity": "sha1-P02uSpH6wxX3EGL4UhzCOfE2YoA="
    },
    "lodash.get": {
      "version": "4.4.2",
      "resolved": "https://registry.npmjs.org/lodash.get/-/lodash.get-4.4.2.tgz",
      "integrity": "sha1-LRd/ZS+jHpObRDjVNBSZ36OCXpk="
    },
    "nan": {
      "version": "2.14.0",
      "resolved": "https://registry.npmjs.org/nan/-/nan-2.14.0.tgz",
      "integrity": "sha512-INOFj37C7k3AfaNTtX8RhsTw7qRy7eLET14cROi9+5HAVbbHuIWUHEauBv5qT4Av2tWasiTY1Jw6puUNqRJXQg=="
    },
    "net-ping": {
      "version": "1.2.3",
      "resolved": "https://registry.npmjs.org/net-ping/-/net-ping-1.2.3.tgz",
      "integrity": "sha512-ZKxj/kVPKL2RIsV9nR6I8nMT8Pi3k6ciTBKxD/6gd5lga9qcNmlyqNv+dbXqYGBvHsmG9yIpsfajr8X054x2fQ==",
      "requires": {
        "raw-socket": "*"
      }
    },
    "raw-socket": {
      "version": "1.7.0",
      "resolved": "https://registry.npmjs.org/raw-socket/-/raw-socket-1.7.0.tgz",
      "integrity": "sha512-mXqWihgwaFNmV5le0dWk5o+03M3A2zBIkC9BNaE6R0CJN9eYot++j2FIqgNSDq6/Vmu32PPI155SiiWNV2yyFQ==",
      "requires": {
        "nan": "2.14.*"
      }
    },
    "underscore": {
      "version": "1.9.1",
      "resolved": "https://registry.npmjs.org/underscore/-/underscore-1.9.1.tgz",
      "integrity": "sha512-5/4etnCkd9c8gwgowi5/om/mYO5ajCaOgdzj/oW+0eQV9WxKBDZw5+ycmKmeaTXjInS/W0BzpGLo2xR2aBwZdg=="
    }
  }
}
